PODS:
  - SdkGatewayIos (0.0.1):
    - SdkGatewayIos/src (= 0.0.1)
  - SdkGatewayIos/SdkGatewayIosTests (0.0.1)
  - SdkGatewayIos/src (0.0.1)

DEPENDENCIES:
  - SdkGatewayIos (from `../`)
  - SdkGatewayIos/SdkGatewayIosTests (from `../`)

EXTERNAL SOURCES:
  SdkGatewayIos:
    :path: "../"

SPEC CHECKSUMS:
  SdkGatewayIos: 96744fb9e70ac43ed8c2ef196a539620dffc8236

PODFILE CHECKSUM: c4900933f409d81b03b3ad90a16b4bfce202499e

COCOAPODS: 1.11.3
