PODS:
  - SdkGatewayIos (0.0.1):
    - SdkGatewayIos/Default (= 0.0.1)
  - SdkGatewayIos/Default (0.0.1)

DEPENDENCIES:
  - SdkGatewayIos (from `../`)

EXTERNAL SOURCES:
  SdkGatewayIos:
    :path: "../"

SPEC CHECKSUMS:
  SdkGatewayIos: a2a7bff338b83c6bcb3e5c17b718eceb7131cc55

PODFILE CHECKSUM: 24491846c3bc346726fbbea32c30baed43a08511

COCOAPODS: 1.11.3
