PODS:
  - SdkGatewayIos (0.0.1):
    - SdkGatewayIos/Default (= 0.0.1)
  - SdkGatewayIos/Default (0.0.1)

DEPENDENCIES:
  - SdkGatewayIos (from `../`)

EXTERNAL SOURCES:
  SdkGatewayIos:
    :path: "../"

SPEC CHECKSUMS:
  SdkGatewayIos: f2144a2e546de12d17c509d4d834a8b1585ea42b

PODFILE CHECKSUM: 24491846c3bc346726fbbea32c30baed43a08511

COCOAPODS: 1.11.3
